
Microsoft Visual Studio Solution File, Format Version 12.00
# Visual Studio 15
VisualStudioVersion = 15.0.27130.2024
MinimumVisualStudioVersion = 10.0.40219.1
Project("{FAE04EC0-301F-11D3-BF4B-00C04F79EFBC}") = "PacManFuture", "PacManFuture\PacManFuture.csproj", "{3C2A25EE-2DF4-4C8B-B881-DB5E9001EB80}"
EndProject
Global
	GlobalSection(SolutionConfigurationPlatforms) = preSolution
		Debug|Any CPU = Debug|Any CPU
		Release|Any CPU = Release|Any CPU
	EndGlobalSection
	GlobalSection(ProjectConfigurationPlatforms) = postSolution
		{3C2A25EE-2DF4-4C8B-B881-DB5E9001EB80}.Debug|Any CPU.ActiveCfg = Debug|Any CPU
		{3C2A25EE-2DF4-4C8B-B881-DB5E9001EB80}.Debug|Any CPU.Build.0 = Debug|Any CPU
		{3C2A25EE-2DF4-4C8B-B881-DB5E9001EB80}.Release|Any CPU.ActiveCfg = Release|Any CPU
		{3C2A25EE-2DF4-4C8B-B881-DB5E9001EB80}.Release|Any CPU.Build.0 = Release|Any CPU
	EndGlobalSection
	GlobalSection(SolutionProperties) = preSolution
		HideSolutionNode = FALSE
	EndGlobalSection
	GlobalSection(ExtensibilityGlobals) = postSolution
		SolutionGuid = {CA9B7054-822B-4DAB-86C5-33BAAFDC1161}
	EndGlobalSection
EndGlobal
